# This file is automatically @generated by Cargo.
# It is not intended for manual editing.
version = 4

[[package]]
name = "rock-node"
version = "0.1.0"
dependencies = [
 "rock-node-core",
 "rock-node-observability-plugin",
 "rock-node-persistence-plugin",
 "rock-node-publish-plugin",
 "rock-node-subscribe-plugin",
 "rock-node-verifier-plugin",
]

[[package]]
name = "rock-node-core"
version = "0.1.0"

[[package]]
name = "rock-node-observability-plugin"
version = "0.1.0"
dependencies = [
 "rock-node-core",
]

[[package]]
name = "rock-node-persistence-plugin"
version = "0.1.0"
dependencies = [
 "rock-node-core",
]

[[package]]
name = "rock-node-publish-plugin"
version = "0.1.0"
dependencies = [
 "rock-node-core",
]

[[package]]
name = "rock-node-subscribe-plugin"
version = "0.1.0"
dependencies = [
 "rock-node-core",
]

[[package]]
name = "rock-node-verifier-plugin"
version = "0.1.0"
dependencies = [
 "rock-node-core",
]
